<?xml version="1.0" encoding="utf-8"?>
<Project ToolsVersion="4.0" xmlns="http://schemas.microsoft.com/developer/msbuild/2003">
  <ItemGroup>
    <ClCompile Include="1102_jungol.c" />
    <ClCompile Include="1161_jungol.c" />
    <ClCompile Include="1169_jungol.c" />
    <ClCompile Include="1175_jungol.c" />
    <ClCompile Include="1291_jungol.c" />
    <ClCompile Include="1407_jungol.cpp" />
    <ClCompile Include="1411_jungol.cpp" />
    <ClCompile Include="1459_jungol.cpp" />
    <ClCompile Include="1733_jungol.c" />
    <ClCompile Include="1733_jungol.cpp" />
    <ClCompile Include="1761_jungol.cpp" />
    <ClCompile Include="1848_jungol.cpp" />
    <ClCompile Include="1997_jungol.c" />
    <ClCompile Include="2259.c" />
    <ClCompile Include="2259_jungol.c" />
    <ClCompile Include="2514_jungol.c" />
    <ClCompile Include="2811_jungol.cpp" />
    <ClCompile Include="2813_jungol.c" />
    <ClCompile Include="2817_jungol.c" />
    <ClCompile Include="3427_jungol.c" />
    <ClCompile Include="3522_jungol.cpp" />
    <ClCompile Include="5545_jungol.cpp" />
    <ClCompile Include="8129_jungol.c" />
    <ClCompile Include="s.c" />
    <ClCompile Include="1901_jungol.c" />
    <ClCompile Include="5917_jungol.cpp" />
    <ClCompile Include="2857_jungol.cpp" />
    <ClCompile Include="1880_jungol.c" />
    <ClCompile Include="1535_jungol_doing.c" />
    <ClCompile Include="9108_jungol.c" />
    <ClCompile Include="593_jungol.c" />
    <ClCompile Include="9109_jungol.c" />
    <ClCompile Include="9110_jungol.c" />
    <ClCompile Include="594_jungol.c" />
    <ClCompile Include="9111_jungol.c" />
    <ClCompile Include="595_jungol.c" />
    <ClCompile Include="9112_jungol.c" />
  </ItemGroup>
  <ItemGroup>
    <None Include="새 파일" />
  </ItemGroup>
</Project>